
Microsoft Visual Studio Solution File, Format Version 12.00
# Visual Studio Version 17
VisualStudioVersion = 17.0.31903.59
MinimumVisualStudioVersion = 10.0.40219.1
Project("{8BC9CEB8-8B4A-11D0-8D11-00A0C91BC942}") = "Bai_1.0_GioiThieuLapTrinhC", "Bai_1.0_GioiThieuLapTrinhC\Bai_1.0_GioiThieuLapTrinhC.vcxproj", "{C8F70223-ACB9-4A58-B683-EBFB616B2632}"
EndProject
Project("{8BC9CEB8-8B4A-11D0-8D11-00A0C91BC942}") = "Bai_1.1_KhaiNiemVeBien", "Bai_1.1_KhaiNiemVeBien\Bai_1.1_KhaiNiemVeBien.vcxproj", "{1EBB5134-0C6F-441E-8DEB-9897953E0238}"
EndProject
Project("{8BC9CEB8-8B4A-11D0-8D11-00A0C91BC942}") = "Bai_1.2_CauLenhXuatRaManHinh", "Bai_1.2_CauLenhXuatRaManHinh\Bai_1.2_CauLenhXuatRaManHinh.vcxproj", "{8CA29B1D-0E2D-4D78-8424-4A7882B64D7E}"
EndProject
Project("{8BC9CEB8-8B4A-11D0-8D11-00A0C91BC942}") = "Bai_1.3_NhapDuLieuTuBanPhim", "Bai_1.3_NhapDuLieuTuBanPhim\Bai_1.3_NhapDuLieuTuBanPhim.vcxproj", "{3C19235A-00A7-442D-8934-62D4F40FB7FB}"
EndProject
Project("{8BC9CEB8-8B4A-11D0-8D11-00A0C91BC942}") = "Bai_1.4_ToanTuTrongLapTrinh", "Bai_1.4_ToanTuTrongLapTrinh\Bai_1.4_ToanTuTrongLapTrinh.vcxproj", "{F0E03E4A-142E-4E79-8FAC-57CC44A65EF9}"
EndProject
Project("{8BC9CEB8-8B4A-11D0-8D11-00A0C91BC942}") = "Bai_1.5_CauDieuKien", "Bai_1.5_CauDieuKien\Bai_1.5_CauDieuKien.vcxproj", "{68BC0979-E737-4A56-B455-EB094FE71D82}"
EndProject
Project("{8BC9CEB8-8B4A-11D0-8D11-00A0C91BC942}") = "Bai_1.6_SwitchCase", "Bai_1.6_SwitchCase\Bai_1.6_SwitchCase.vcxproj", "{B9811CDD-C2A1-49C2-9E4E-6D67F29FDB03}"
EndProject
Project("{8BC9CEB8-8B4A-11D0-8D11-00A0C91BC942}") = "Bai_1.7_3LoaiVongLap", "Bai_1.7_3LoaiVongLap\Bai_1.7_3LoaiVongLap.vcxproj", "{89F8940C-0E5C-43A2-BD79-DFD37E282C1C}"
EndProject
Project("{8BC9CEB8-8B4A-11D0-8D11-00A0C91BC942}") = "BAI_TAP_SWITCH_CASE", "BAI_TAP_SWITCH_CASE\BAI_TAP_SWITCH_CASE.vcxproj", "{FD3F06B2-37F3-4381-AB4D-E77B76BF54D1}"
EndProject
Project("{8BC9CEB8-8B4A-11D0-8D11-00A0C91BC942}") = "MOT_VAI_VI_DU_PHAN1", "MOT_VAI_VI_DU_PHAN1\MOT_VAI_VI_DU_PHAN1.vcxproj", "{26F4C96C-13D8-4BDB-8A71-29CA0E84239F}"
EndProject
Project("{8BC9CEB8-8B4A-11D0-8D11-00A0C91BC942}") = "Bai_1.8_HamVoid", "Bai_1.8_HamVoid\Bai_1.8_HamVoid.vcxproj", "{0E09B1AA-97C9-4BEF-B189-5AEE6D25814D}"
EndProject
Project("{8BC9CEB8-8B4A-11D0-8D11-00A0C91BC942}") = "CHUA_BAI_LA1_2", "CHUA_BAI_LA1_2\CHUA_BAI_LA1_2.vcxproj", "{A726EFCD-C20E-4E90-AEB9-6892BE4D0AE6}"
EndProject
Project("{8BC9CEB8-8B4A-11D0-8D11-00A0C91BC942}") = "Bai_1.9_HamTraVe", "Bai_1.9_HamTraVe\Bai_1.9_HamTraVe.vcxproj", "{F54FE7BD-EAAA-4FA4-9EE7-D2C42B04588D}"
EndProject
Project("{8BC9CEB8-8B4A-11D0-8D11-00A0C91BC942}") = "Bai_2.0_Mang_Array", "Bai_2.0_Mang_Array\Bai_2.0_Mang_Array.vcxproj", "{E9D9FC0D-C8F9-45E9-9E95-80BBF0AB0823}"
EndProject
Global
	GlobalSection(SolutionConfigurationPlatforms) = preSolution
		Debug|x64 = Debug|x64
		Debug|x86 = Debug|x86
		Release|x64 = Release|x64
		Release|x86 = Release|x86
	EndGlobalSection
	GlobalSection(ProjectConfigurationPlatforms) = postSolution
		{C8F70223-ACB9-4A58-B683-EBFB616B2632}.Debug|x64.ActiveCfg = Debug|x64
		{C8F70223-ACB9-4A58-B683-EBFB616B2632}.Debug|x64.Build.0 = Debug|x64
		{C8F70223-ACB9-4A58-B683-EBFB616B2632}.Debug|x86.ActiveCfg = Debug|Win32
		{C8F70223-ACB9-4A58-B683-EBFB616B2632}.Debug|x86.Build.0 = Debug|Win32
		{C8F70223-ACB9-4A58-B683-EBFB616B2632}.Release|x64.ActiveCfg = Release|x64
		{C8F70223-ACB9-4A58-B683-EBFB616B2632}.Release|x64.Build.0 = Release|x64
		{C8F70223-ACB9-4A58-B683-EBFB616B2632}.Release|x86.ActiveCfg = Release|Win32
		{C8F70223-ACB9-4A58-B683-EBFB616B2632}.Release|x86.Build.0 = Release|Win32
		{1EBB5134-0C6F-441E-8DEB-9897953E0238}.Debug|x64.ActiveCfg = Debug|x64
		{1EBB5134-0C6F-441E-8DEB-9897953E0238}.Debug|x64.Build.0 = Debug|x64
		{1EBB5134-0C6F-441E-8DEB-9897953E0238}.Debug|x86.ActiveCfg = Debug|Win32
		{1EBB5134-0C6F-441E-8DEB-9897953E0238}.Debug|x86.Build.0 = Debug|Win32
		{1EBB5134-0C6F-441E-8DEB-9897953E0238}.Release|x64.ActiveCfg = Release|x64
		{1EBB5134-0C6F-441E-8DEB-9897953E0238}.Release|x64.Build.0 = Release|x64
		{1EBB5134-0C6F-441E-8DEB-9897953E0238}.Release|x86.ActiveCfg = Release|Win32
		{1EBB5134-0C6F-441E-8DEB-9897953E0238}.Release|x86.Build.0 = Release|Win32
		{8CA29B1D-0E2D-4D78-8424-4A7882B64D7E}.Debug|x64.ActiveCfg = Debug|x64
		{8CA29B1D-0E2D-4D78-8424-4A7882B64D7E}.Debug|x64.Build.0 = Debug|x64
		{8CA29B1D-0E2D-4D78-8424-4A7882B64D7E}.Debug|x86.ActiveCfg = Debug|Win32
		{8CA29B1D-0E2D-4D78-8424-4A7882B64D7E}.Debug|x86.Build.0 = Debug|Win32
		{8CA29B1D-0E2D-4D78-8424-4A7882B64D7E}.Release|x64.ActiveCfg = Release|x64
		{8CA29B1D-0E2D-4D78-8424-4A7882B64D7E}.Release|x64.Build.0 = Release|x64
		{8CA29B1D-0E2D-4D78-8424-4A7882B64D7E}.Release|x86.ActiveCfg = Release|Win32
		{8CA29B1D-0E2D-4D78-8424-4A7882B64D7E}.Release|x86.Build.0 = Release|Win32
		{3C19235A-00A7-442D-8934-62D4F40FB7FB}.Debug|x64.ActiveCfg = Debug|x64
		{3C19235A-00A7-442D-8934-62D4F40FB7FB}.Debug|x64.Build.0 = Debug|x64
		{3C19235A-00A7-442D-8934-62D4F40FB7FB}.Debug|x86.ActiveCfg = Debug|Win32
		{3C19235A-00A7-442D-8934-62D4F40FB7FB}.Debug|x86.Build.0 = Debug|Win32
		{3C19235A-00A7-442D-8934-62D4F40FB7FB}.Release|x64.ActiveCfg = Release|x64
		{3C19235A-00A7-442D-8934-62D4F40FB7FB}.Release|x64.Build.0 = Release|x64
		{3C19235A-00A7-442D-8934-62D4F40FB7FB}.Release|x86.ActiveCfg = Release|Win32
		{3C19235A-00A7-442D-8934-62D4F40FB7FB}.Release|x86.Build.0 = Release|Win32
		{F0E03E4A-142E-4E79-8FAC-57CC44A65EF9}.Debug|x64.ActiveCfg = Debug|x64
		{F0E03E4A-142E-4E79-8FAC-57CC44A65EF9}.Debug|x64.Build.0 = Debug|x64
		{F0E03E4A-142E-4E79-8FAC-57CC44A65EF9}.Debug|x86.ActiveCfg = Debug|Win32
		{F0E03E4A-142E-4E79-8FAC-57CC44A65EF9}.Debug|x86.Build.0 = Debug|Win32
		{F0E03E4A-142E-4E79-8FAC-57CC44A65EF9}.Release|x64.ActiveCfg = Release|x64
		{F0E03E4A-142E-4E79-8FAC-57CC44A65EF9}.Release|x64.Build.0 = Release|x64
		{F0E03E4A-142E-4E79-8FAC-57CC44A65EF9}.Release|x86.ActiveCfg = Release|Win32
		{F0E03E4A-142E-4E79-8FAC-57CC44A65EF9}.Release|x86.Build.0 = Release|Win32
		{68BC0979-E737-4A56-B455-EB094FE71D82}.Debug|x64.ActiveCfg = Debug|x64
		{68BC0979-E737-4A56-B455-EB094FE71D82}.Debug|x64.Build.0 = Debug|x64
		{68BC0979-E737-4A56-B455-EB094FE71D82}.Debug|x86.ActiveCfg = Debug|Win32
		{68BC0979-E737-4A56-B455-EB094FE71D82}.Debug|x86.Build.0 = Debug|Win32
		{68BC0979-E737-4A56-B455-EB094FE71D82}.Release|x64.ActiveCfg = Release|x64
		{68BC0979-E737-4A56-B455-EB094FE71D82}.Release|x64.Build.0 = Release|x64
		{68BC0979-E737-4A56-B455-EB094FE71D82}.Release|x86.ActiveCfg = Release|Win32
		{68BC0979-E737-4A56-B455-EB094FE71D82}.Release|x86.Build.0 = Release|Win32
		{B9811CDD-C2A1-49C2-9E4E-6D67F29FDB03}.Debug|x64.ActiveCfg = Debug|x64
		{B9811CDD-C2A1-49C2-9E4E-6D67F29FDB03}.Debug|x64.Build.0 = Debug|x64
		{B9811CDD-C2A1-49C2-9E4E-6D67F29FDB03}.Debug|x86.ActiveCfg = Debug|Win32
		{B9811CDD-C2A1-49C2-9E4E-6D67F29FDB03}.Debug|x86.Build.0 = Debug|Win32
		{B9811CDD-C2A1-49C2-9E4E-6D67F29FDB03}.Release|x64.ActiveCfg = Release|x64
		{B9811CDD-C2A1-49C2-9E4E-6D67F29FDB03}.Release|x64.Build.0 = Release|x64
		{B9811CDD-C2A1-49C2-9E4E-6D67F29FDB03}.Release|x86.ActiveCfg = Release|Win32
		{B9811CDD-C2A1-49C2-9E4E-6D67F29FDB03}.Release|x86.Build.0 = Release|Win32
		{89F8940C-0E5C-43A2-BD79-DFD37E282C1C}.Debug|x64.ActiveCfg = Debug|x64
		{89F8940C-0E5C-43A2-BD79-DFD37E282C1C}.Debug|x64.Build.0 = Debug|x64
		{89F8940C-0E5C-43A2-BD79-DFD37E282C1C}.Debug|x86.ActiveCfg = Debug|Win32
		{89F8940C-0E5C-43A2-BD79-DFD37E282C1C}.Debug|x86.Build.0 = Debug|Win32
		{89F8940C-0E5C-43A2-BD79-DFD37E282C1C}.Release|x64.ActiveCfg = Release|x64
		{89F8940C-0E5C-43A2-BD79-DFD37E282C1C}.Release|x64.Build.0 = Release|x64
		{89F8940C-0E5C-43A2-BD79-DFD37E282C1C}.Release|x86.ActiveCfg = Release|Win32
		{89F8940C-0E5C-43A2-BD79-DFD37E282C1C}.Release|x86.Build.0 = Release|Win32
		{FD3F06B2-37F3-4381-AB4D-E77B76BF54D1}.Debug|x64.ActiveCfg = Debug|x64
		{FD3F06B2-37F3-4381-AB4D-E77B76BF54D1}.Debug|x64.Build.0 = Debug|x64
		{FD3F06B2-37F3-4381-AB4D-E77B76BF54D1}.Debug|x86.ActiveCfg = Debug|Win32
		{FD3F06B2-37F3-4381-AB4D-E77B76BF54D1}.Debug|x86.Build.0 = Debug|Win32
		{FD3F06B2-37F3-4381-AB4D-E77B76BF54D1}.Release|x64.ActiveCfg = Release|x64
		{FD3F06B2-37F3-4381-AB4D-E77B76BF54D1}.Release|x64.Build.0 = Release|x64
		{FD3F06B2-37F3-4381-AB4D-E77B76BF54D1}.Release|x86.ActiveCfg = Release|Win32
		{FD3F06B2-37F3-4381-AB4D-E77B76BF54D1}.Release|x86.Build.0 = Release|Win32
		{26F4C96C-13D8-4BDB-8A71-29CA0E84239F}.Debug|x64.ActiveCfg = Debug|x64
		{26F4C96C-13D8-4BDB-8A71-29CA0E84239F}.Debug|x64.Build.0 = Debug|x64
		{26F4C96C-13D8-4BDB-8A71-29CA0E84239F}.Debug|x86.ActiveCfg = Debug|Win32
		{26F4C96C-13D8-4BDB-8A71-29CA0E84239F}.Debug|x86.Build.0 = Debug|Win32
		{26F4C96C-13D8-4BDB-8A71-29CA0E84239F}.Release|x64.ActiveCfg = Release|x64
		{26F4C96C-13D8-4BDB-8A71-29CA0E84239F}.Release|x64.Build.0 = Release|x64
		{26F4C96C-13D8-4BDB-8A71-29CA0E84239F}.Release|x86.ActiveCfg = Release|Win32
		{26F4C96C-13D8-4BDB-8A71-29CA0E84239F}.Release|x86.Build.0 = Release|Win32
		{0E09B1AA-97C9-4BEF-B189-5AEE6D25814D}.Debug|x64.ActiveCfg = Debug|x64
		{0E09B1AA-97C9-4BEF-B189-5AEE6D25814D}.Debug|x64.Build.0 = Debug|x64
		{0E09B1AA-97C9-4BEF-B189-5AEE6D25814D}.Debug|x86.ActiveCfg = Debug|Win32
		{0E09B1AA-97C9-4BEF-B189-5AEE6D25814D}.Debug|x86.Build.0 = Debug|Win32
		{0E09B1AA-97C9-4BEF-B189-5AEE6D25814D}.Release|x64.ActiveCfg = Release|x64
		{0E09B1AA-97C9-4BEF-B189-5AEE6D25814D}.Release|x64.Build.0 = Release|x64
		{0E09B1AA-97C9-4BEF-B189-5AEE6D25814D}.Release|x86.ActiveCfg = Release|Win32
		{0E09B1AA-97C9-4BEF-B189-5AEE6D25814D}.Release|x86.Build.0 = Release|Win32
		{A726EFCD-C20E-4E90-AEB9-6892BE4D0AE6}.Debug|x64.ActiveCfg = Debug|x64
		{A726EFCD-C20E-4E90-AEB9-6892BE4D0AE6}.Debug|x64.Build.0 = Debug|x64
		{A726EFCD-C20E-4E90-AEB9-6892BE4D0AE6}.Debug|x86.ActiveCfg = Debug|Win32
		{A726EFCD-C20E-4E90-AEB9-6892BE4D0AE6}.Debug|x86.Build.0 = Debug|Win32
		{A726EFCD-C20E-4E90-AEB9-6892BE4D0AE6}.Release|x64.ActiveCfg = Release|x64
		{A726EFCD-C20E-4E90-AEB9-6892BE4D0AE6}.Release|x64.Build.0 = Release|x64
		{A726EFCD-C20E-4E90-AEB9-6892BE4D0AE6}.Release|x86.ActiveCfg = Release|Win32
		{A726EFCD-C20E-4E90-AEB9-6892BE4D0AE6}.Release|x86.Build.0 = Release|Win32
		{F54FE7BD-EAAA-4FA4-9EE7-D2C42B04588D}.Debug|x64.ActiveCfg = Debug|x64
		{F54FE7BD-EAAA-4FA4-9EE7-D2C42B04588D}.Debug|x64.Build.0 = Debug|x64
		{F54FE7BD-EAAA-4FA4-9EE7-D2C42B04588D}.Debug|x86.ActiveCfg = Debug|Win32
		{F54FE7BD-EAAA-4FA4-9EE7-D2C42B04588D}.Debug|x86.Build.0 = Debug|Win32
		{F54FE7BD-EAAA-4FA4-9EE7-D2C42B04588D}.Release|x64.ActiveCfg = Release|x64
		{F54FE7BD-EAAA-4FA4-9EE7-D2C42B04588D}.Release|x64.Build.0 = Release|x64
		{F54FE7BD-EAAA-4FA4-9EE7-D2C42B04588D}.Release|x86.ActiveCfg = Release|Win32
		{F54FE7BD-EAAA-4FA4-9EE7-D2C42B04588D}.Release|x86.Build.0 = Release|Win32
		{E9D9FC0D-C8F9-45E9-9E95-80BBF0AB0823}.Debug|x64.ActiveCfg = Debug|x64
		{E9D9FC0D-C8F9-45E9-9E95-80BBF0AB0823}.Debug|x64.Build.0 = Debug|x64
		{E9D9FC0D-C8F9-45E9-9E95-80BBF0AB0823}.Debug|x86.ActiveCfg = Debug|Win32
		{E9D9FC0D-C8F9-45E9-9E95-80BBF0AB0823}.Debug|x86.Build.0 = Debug|Win32
		{E9D9FC0D-C8F9-45E9-9E95-80BBF0AB0823}.Release|x64.ActiveCfg = Release|x64
		{E9D9FC0D-C8F9-45E9-9E95-80BBF0AB0823}.Release|x64.Build.0 = Release|x64
		{E9D9FC0D-C8F9-45E9-9E95-80BBF0AB0823}.Release|x86.ActiveCfg = Release|Win32
		{E9D9FC0D-C8F9-45E9-9E95-80BBF0AB0823}.Release|x86.Build.0 = Release|Win32
	EndGlobalSection
	GlobalSection(SolutionProperties) = preSolution
		HideSolutionNode = FALSE
	EndGlobalSection
	GlobalSection(ExtensibilityGlobals) = postSolution
		SolutionGuid = {C54BBFC3-809C-4D6F-A264-0A9FA00A843D}
	EndGlobalSection
EndGlobal
